{
  "name": "sslping-cli",
  "version": "1.0.5",
  "dependencies": {
    "async": {
      "version": "2.5.0",
      "from": "async@2.5.0",
      "resolved": "http://registry.npmjs.org/async/-/async-2.5.0.tgz"
    },
    "encoding": {
      "version": "0.1.12",
      "from": "encoding@>=0.1.11 <0.2.0",
      "resolved": "https://registry.npmjs.org/encoding/-/encoding-0.1.12.tgz"
    },
    "iconv-lite": {
      "version": "0.4.18",
      "from": "iconv-lite@>=0.4.13 <0.5.0",
      "resolved": "http://registry.npmjs.org/iconv-lite/-/iconv-lite-0.4.18.tgz"
    },
    "is-stream": {
      "version": "1.1.0",
      "from": "is-stream@>=1.0.1 <2.0.0",
      "resolved": "https://registry.npmjs.org/is-stream/-/is-stream-1.1.0.tgz"
    },
    "lodash": {
      "version": "4.15.0",
      "from": "lodash@>=4.8.0 <5.0.0",
      "resolved": "https://registry.npmjs.org/lodash/-/lodash-4.15.0.tgz"
    },
    "minimist": {
      "version": "0.0.10",
      "from": "minimist@>=0.0.1 <0.1.0",
      "resolved": "https://registry.npmjs.org/minimist/-/minimist-0.0.10.tgz"
    },
    "node-fetch": {
      "version": "1.7.1",
      "from": "node-fetch@1.7.1",
      "resolved": "http://registry.npmjs.org/node-fetch/-/node-fetch-1.7.1.tgz"
    },
    "optimist": {
      "version": "0.6.1",
      "from": "optimist@*",
      "resolved": "https://registry.npmjs.org/optimist/-/optimist-0.6.1.tgz"
    },
    "promise-polyfill": {
      "version": "6.0.2",
      "from": "promise-polyfill@latest",
      "resolved": "http://registry.npmjs.org/promise-polyfill/-/promise-polyfill-6.0.2.tgz"
    },
    "wordwrap": {
      "version": "0.0.3",
      "from": "wordwrap@>=0.0.2 <0.1.0",
      "resolved": "https://registry.npmjs.org/wordwrap/-/wordwrap-0.0.3.tgz"
    }
  }
}
