{
  "name": "sslping-cli",
  "version": "1.0.0",
  "dependencies": {
    "ansi-escapes": {
      "version": "1.4.0",
      "from": "ansi-escapes@>=1.0.0 <2.0.0",
      "resolved": "https://registry.npmjs.org/ansi-escapes/-/ansi-escapes-1.4.0.tgz"
    },
    "ansi-regex": {
      "version": "2.0.0",
      "from": "ansi-regex@>=2.0.0 <3.0.0",
      "resolved": "https://registry.npmjs.org/ansi-regex/-/ansi-regex-2.0.0.tgz"
    },
    "ansi-styles": {
      "version": "2.2.1",
      "from": "ansi-styles@>=2.2.1 <3.0.0",
      "resolved": "https://registry.npmjs.org/ansi-styles/-/ansi-styles-2.2.1.tgz"
    },
    "async": {
      "version": "2.0.1",
      "from": "async@*",
      "resolved": "https://registry.npmjs.org/async/-/async-2.0.1.tgz"
    },
    "chalk": {
      "version": "1.1.3",
      "from": "chalk@>=1.1.1 <2.0.0",
      "resolved": "https://registry.npmjs.org/chalk/-/chalk-1.1.3.tgz"
    },
    "cli-cursor": {
      "version": "1.0.2",
      "from": "cli-cursor@>=1.0.2 <2.0.0",
      "resolved": "https://registry.npmjs.org/cli-cursor/-/cli-cursor-1.0.2.tgz"
    },
    "elegant-spinner": {
      "version": "1.0.1",
      "from": "elegant-spinner@>=1.0.1 <2.0.0",
      "resolved": "https://registry.npmjs.org/elegant-spinner/-/elegant-spinner-1.0.1.tgz"
    },
    "elegant-status": {
      "version": "1.1.0",
      "from": "elegant-status@*",
      "resolved": "https://registry.npmjs.org/elegant-status/-/elegant-status-1.1.0.tgz"
    },
    "encoding": {
      "version": "0.1.12",
      "from": "encoding@>=0.1.11 <0.2.0",
      "resolved": "https://registry.npmjs.org/encoding/-/encoding-0.1.12.tgz"
    },
    "escape-string-regexp": {
      "version": "1.0.5",
      "from": "escape-string-regexp@>=1.0.2 <2.0.0",
      "resolved": "https://registry.npmjs.org/escape-string-regexp/-/escape-string-regexp-1.0.5.tgz"
    },
    "exit-hook": {
      "version": "1.1.1",
      "from": "exit-hook@>=1.0.0 <2.0.0",
      "resolved": "https://registry.npmjs.org/exit-hook/-/exit-hook-1.1.1.tgz"
    },
    "has-ansi": {
      "version": "2.0.0",
      "from": "has-ansi@>=2.0.0 <3.0.0",
      "resolved": "https://registry.npmjs.org/has-ansi/-/has-ansi-2.0.0.tgz"
    },
    "iconv-lite": {
      "version": "0.4.13",
      "from": "iconv-lite@>=0.4.13 <0.5.0",
      "resolved": "https://registry.npmjs.org/iconv-lite/-/iconv-lite-0.4.13.tgz"
    },
    "is-stream": {
      "version": "1.1.0",
      "from": "is-stream@>=1.0.1 <2.0.0",
      "resolved": "https://registry.npmjs.org/is-stream/-/is-stream-1.1.0.tgz"
    },
    "lodash": {
      "version": "4.15.0",
      "from": "lodash@>=4.8.0 <5.0.0",
      "resolved": "https://registry.npmjs.org/lodash/-/lodash-4.15.0.tgz"
    },
    "log-update": {
      "version": "1.0.2",
      "from": "log-update@>=1.0.2 <2.0.0",
      "resolved": "https://registry.npmjs.org/log-update/-/log-update-1.0.2.tgz"
    },
    "minimist": {
      "version": "0.0.10",
      "from": "minimist@>=0.0.1 <0.1.0",
      "resolved": "https://registry.npmjs.org/minimist/-/minimist-0.0.10.tgz"
    },
    "node-fetch": {
      "version": "1.6.0",
      "from": "node-fetch@>=1.6.0 <2.0.0",
      "resolved": "https://registry.npmjs.org/node-fetch/-/node-fetch-1.6.0.tgz"
    },
    "onetime": {
      "version": "1.1.0",
      "from": "onetime@>=1.0.0 <2.0.0",
      "resolved": "https://registry.npmjs.org/onetime/-/onetime-1.1.0.tgz"
    },
    "optimist": {
      "version": "0.6.1",
      "from": "optimist@*",
      "resolved": "https://registry.npmjs.org/optimist/-/optimist-0.6.1.tgz"
    },
    "os-family": {
      "version": "1.0.0",
      "from": "os-family@>=1.0.0 <2.0.0",
      "resolved": "https://registry.npmjs.org/os-family/-/os-family-1.0.0.tgz"
    },
    "restore-cursor": {
      "version": "1.0.1",
      "from": "restore-cursor@>=1.0.1 <2.0.0",
      "resolved": "https://registry.npmjs.org/restore-cursor/-/restore-cursor-1.0.1.tgz"
    },
    "strip-ansi": {
      "version": "3.0.1",
      "from": "strip-ansi@>=3.0.0 <4.0.0",
      "resolved": "https://registry.npmjs.org/strip-ansi/-/strip-ansi-3.0.1.tgz"
    },
    "supports-color": {
      "version": "2.0.0",
      "from": "supports-color@>=2.0.0 <3.0.0",
      "resolved": "https://registry.npmjs.org/supports-color/-/supports-color-2.0.0.tgz"
    },
    "wordwrap": {
      "version": "0.0.3",
      "from": "wordwrap@>=0.0.2 <0.1.0",
      "resolved": "https://registry.npmjs.org/wordwrap/-/wordwrap-0.0.3.tgz"
    }
  }
}
